
Microsoft Visual Studio Solution File, Format Version 12.00
# Visual Studio Version 17
VisualStudioVersion = 17.5.002.0
MinimumVisualStudioVersion = 10.0.40219.1
Project("{2150E333-8FDC-42A3-9474-1A3956D46DE8}") = "src", "src", "{A550D127-9B66-45EB-88D4-F7A12C61D742}"
EndProject
Project("{9A19103F-16F7-4668-BE54-9A1E7A4F7556}") = "Play.Trading.Service", "src\Play.Trading.Service\Play.Trading.Service.csproj", "{38AABCD3-40A5-4A7E-927E-2F3AC812512A}"
EndProject
Global
	GlobalSection(SolutionConfigurationPlatforms) = preSolution
		Debug|Any CPU = Debug|Any CPU
		Release|Any CPU = Release|Any CPU
	EndGlobalSection
	GlobalSection(ProjectConfigurationPlatforms) = postSolution
		{38AABCD3-40A5-4A7E-927E-2F3AC812512A}.Debug|Any CPU.ActiveCfg = Debug|Any CPU
		{38AABCD3-40A5-4A7E-927E-2F3AC812512A}.Debug|Any CPU.Build.0 = Debug|Any CPU
		{38AABCD3-40A5-4A7E-927E-2F3AC812512A}.Release|Any CPU.ActiveCfg = Release|Any CPU
		{38AABCD3-40A5-4A7E-927E-2F3AC812512A}.Release|Any CPU.Build.0 = Release|Any CPU
	EndGlobalSection
	GlobalSection(SolutionProperties) = preSolution
		HideSolutionNode = FALSE
	EndGlobalSection
	GlobalSection(NestedProjects) = preSolution
		{38AABCD3-40A5-4A7E-927E-2F3AC812512A} = {A550D127-9B66-45EB-88D4-F7A12C61D742}
	EndGlobalSection
	GlobalSection(ExtensibilityGlobals) = postSolution
		SolutionGuid = {B963A4B2-0698-4299-9E42-04BCFAA650AD}
	EndGlobalSection
EndGlobal
